// !$*UTF8*$!
{
	archiveVersion = 1;
	classes = {
	};
	objectVersion = 46;
	objects = {

/* Begin PBXBuildFile section */
		F536B62A1EDE045300B6138A /* AppDelegate.swift in Sources */ = {isa = PBXBuildFile; fileRef = F536B6291EDE045300B6138A /* AppDelegate.swift */; };
		F536B62C1EDE045300B6138A /* MapViewController.swift in Sources */ = {isa = PBXBuildFile; fileRef = F536B62B1EDE045300B6138A /* MapViewController.swift */; };
		F536B62F1EDE045300B6138A /* Main.storyboard in Resources */ = {isa = PBXBuildFile; fileRef = F536B62D1EDE045300B6138A /* Main.storyboard */; };
		F536B6311EDE045300B6138A /* Assets.xcassets in Resources */ = {isa = PBXBuildFile; fileRef = F536B6301EDE045300B6138A /* Assets.xcassets */; };
		F536B6341EDE045300B6138A /* LaunchScreen.storyboard in Resources */ = {isa = PBXBuildFile; fileRef = F536B6321EDE045300B6138A /* LaunchScreen.storyboard */; };
		F5BC13321EE0D0C0002D05A1 /* Model.xcdatamodeld in Sources */ = {isa = PBXBuildFile; fileRef = F5BC13301EE0D0C0002D05A1 /* Model.xcdatamodeld */; };
		F5BC137D1EE19909002D05A1 /* DbController.swift in Sources */ = {isa = PBXBuildFile; fileRef = F5BC137C1EE19909002D05A1 /* DbController.swift */; };
		F5BC137F1EE1A70C002D05A1 /* PhotoViewController.swift in Sources */ = {isa = PBXBuildFile; fileRef = F5BC137E1EE1A70C002D05A1 /* PhotoViewController.swift */; };
/* End PBXBuildFile section */

/* Begin PBXFileReference section */
		F536B6261EDE045300B6138A /* virtual-tourist.app */ = {isa = PBXFileReference; explicitFileType = wrapper.application; includeInIndex = 0; path = "virtual-tourist.app"; sourceTree = BUILT_PRODUCTS_DIR; };
		F536B6291EDE045300B6138A /* AppDelegate.swift */ = {isa = PBXFileReference; lastKnownFileType = sourcecode.swift; path = AppDelegate.swift; sourceTree = "<group>"; };
		F536B62B1EDE045300B6138A /* MapViewController.swift */ = {isa = PBXFileReference; lastKnownFileType = sourcecode.swift; path = MapViewController.swift; sourceTree = "<group>"; };
		F536B62E1EDE045300B6138A /* Base */ = {isa = PBXFileReference; lastKnownFileType = file.storyboard; name = Base; path = Base.lproj/Main.storyboard; sourceTree = "<group>"; };
		F536B6301EDE045300B6138A /* Assets.xcassets */ = {isa = PBXFileReference; lastKnownFileType = folder.assetcatalog; path = Assets.xcassets; sourceTree = "<group>"; };
		F536B6331EDE045300B6138A /* Base */ = {isa = PBXFileReference; lastKnownFileType = file.storyboard; name = Base; path = Base.lproj/LaunchScreen.storyboard; sourceTree = "<group>"; };
		F536B6351EDE045300B6138A /* Info.plist */ = {isa = PBXFileReference; lastKnownFileType = text.plist.xml; path = Info.plist; sourceTree = "<group>"; };
		F5BC13311EE0D0C0002D05A1 /* Model.xcdatamodel */ = {isa = PBXFileReference; lastKnownFileType = wrapper.xcdatamodel; path = Model.xcdatamodel; sourceTree = "<group>"; };
		F5BC137C1EE19909002D05A1 /* DbController.swift */ = {isa = PBXFileReference; fileEncoding = 4; lastKnownFileType = sourcecode.swift; path = DbController.swift; sourceTree = "<group>"; };
		F5BC137E1EE1A70C002D05A1 /* PhotoViewController.swift */ = {isa = PBXFileReference; fileEncoding = 4; lastKnownFileType = sourcecode.swift; path = PhotoViewController.swift; sourceTree = "<group>"; };
/* End PBXFileReference section */

/* Begin PBXFrameworksBuildPhase section */
		F536B6231EDE045300B6138A /* Frameworks */ = {
			isa = PBXFrameworksBuildPhase;
			buildActionMask = 2147483647;
			files = (
			);
			runOnlyForDeploymentPostprocessing = 0;
		};
/* End PBXFrameworksBuildPhase section */

/* Begin PBXGroup section */
		F536B61D1EDE045300B6138A = {
			isa = PBXGroup;
			children = (
				F536B6281EDE045300B6138A /* virtual-tourist */,
				F536B6271EDE045300B6138A /* Products */,
			);
			sourceTree = "<group>";
		};
		F536B6271EDE045300B6138A /* Products */ = {
			isa = PBXGroup;
			children = (
				F536B6261EDE045300B6138A /* virtual-tourist.app */,
			);
			name = Products;
			sourceTree = "<group>";
		};
		F536B6281EDE045300B6138A /* virtual-tourist */ = {
			isa = PBXGroup;
			children = (
				F536B6291EDE045300B6138A /* AppDelegate.swift */,
				F536B63E1EDE088800B6138A /* Models */,
				F536B63D1EDE088000B6138A /* Views */,
				F536B63C1EDE087C00B6138A /* Controllers */,
				F536B63B1EDE087700B6138A /* Assets */,
				F536B63F1EDE08B400B6138A /* Supporting Files */,
			);
			path = "virtual-tourist";
			sourceTree = "<group>";
		};
		F536B63B1EDE087700B6138A /* Assets */ = {
			isa = PBXGroup;
			children = (
				F536B62D1EDE045300B6138A /* Main.storyboard */,
				F536B6301EDE045300B6138A /* Assets.xcassets */,
				F536B6321EDE045300B6138A /* LaunchScreen.storyboard */,
			);
			name = Assets;
			sourceTree = "<group>";
		};
		F536B63C1EDE087C00B6138A /* Controllers */ = {
			isa = PBXGroup;
			children = (
				F536B62B1EDE045300B6138A /* MapViewController.swift */,
				F5BC137E1EE1A70C002D05A1 /* PhotoViewController.swift */,
			);
			name = Controllers;
			sourceTree = "<group>";
		};
		F536B63D1EDE088000B6138A /* Views */ = {
			isa = PBXGroup;
			children = (
			);
			name = Views;
			sourceTree = "<group>";
		};
		F536B63E1EDE088800B6138A /* Models */ = {
			isa = PBXGroup;
			children = (
				F5BC137C1EE19909002D05A1 /* DbController.swift */,
				F5BC13301EE0D0C0002D05A1 /* Model.xcdatamodeld */,
			);
			name = Models;
			sourceTree = "<group>";
		};
		F536B63F1EDE08B400B6138A /* Supporting Files */ = {
			isa = PBXGroup;
			children = (
				F536B6351EDE045300B6138A /* Info.plist */,
			);
			name = "Supporting Files";
			sourceTree = "<group>";
		};
/* End PBXGroup section */

/* Begin PBXNativeTarget section */
		F536B6251EDE045300B6138A /* virtual-tourist */ = {
			isa = PBXNativeTarget;
			buildConfigurationList = F536B6381EDE045300B6138A /* Build configuration list for PBXNativeTarget "virtual-tourist" */;
			buildPhases = (
				F536B6221EDE045300B6138A /* Sources */,
				F536B6231EDE045300B6138A /* Frameworks */,
				F536B6241EDE045300B6138A /* Resources */,
			);
			buildRules = (
			);
			dependencies = (
			);
			name = "virtual-tourist";
			productName = "virtual-tourist";
			productReference = F536B6261EDE045300B6138A /* virtual-tourist.app */;
			productType = "com.apple.product-type.application";
		};
/* End PBXNativeTarget section */

/* Begin PBXProject section */
		F536B61E1EDE045300B6138A /* Project object */ = {
			isa = PBXProject;
			attributes = {
				LastSwiftUpdateCheck = 0830;
				LastUpgradeCheck = 0830;
				ORGANIZATIONNAME = "Kosrat D. Ahmad";
				TargetAttributes = {
					F536B6251EDE045300B6138A = {
						CreatedOnToolsVersion = 8.3.2;
						DevelopmentTeam = NW3L46KCK4;
						ProvisioningStyle = Automatic;
					};
				};
			};
			buildConfigurationList = F536B6211EDE045300B6138A /* Build configuration list for PBXProject "virtual-tourist" */;
			compatibilityVersion = "Xcode 3.2";
			developmentRegion = English;
			hasScannedForEncodings = 0;
			knownRegions = (
				en,
				Base,
			);
			mainGroup = F536B61D1EDE045300B6138A;
			productRefGroup = F536B6271EDE045300B6138A /* Products */;
			projectDirPath = "";
			projectRoot = "";
			targets = (
				F536B6251EDE045300B6138A /* virtual-tourist */,
			);
		};
/* End PBXProject section */

/* Begin PBXResourcesBuildPhase section */
		F536B6241EDE045300B6138A /* Resources */ = {
			isa = PBXResourcesBuildPhase;
			buildActionMask = 2147483647;
			files = (
				F536B6341EDE045300B6138A /* LaunchScreen.storyboard in Resources */,
				F536B6311EDE045300B6138A /* Assets.xcassets in Resources */,
				F536B62F1EDE045300B6138A /* Main.storyboard in Resources */,
			);
			runOnlyForDeploymentPostprocessing = 0;
		};
/* End PBXResourcesBuildPhase section */

/* Begin PBXSourcesBuildPhase section */
		F536B6221EDE045300B6138A /* Sources */ = {
			isa = PBXSourcesBuildPhase;
			buildActionMask = 2147483647;
			files = (
				F536B62C1EDE045300B6138A /* MapViewController.swift in Sources */,
				F536B62A1EDE045300B6138A /* AppDelegate.swift in Sources */,
				F5BC13321EE0D0C0002D05A1 /* Model.xcdatamodeld in Sources */,
				F5BC137D1EE19909002D05A1 /* DbController.swift in Sources */,
				F5BC137F1EE1A70C002D05A1 /* PhotoViewController.swift in Sources */,
			);
			runOnlyForDeploymentPostprocessing = 0;
		};
/* End PBXSourcesBuildPhase section */

/* Begin PBXVariantGroup section */
		F536B62D1EDE045300B6138A /* Main.storyboard */ = {
			isa = PBXVariantGroup;
			children = (
				F536B62E1EDE045300B6138A /* Base */,
			);
			name = Main.storyboard;
			sourceTree = "<group>";
		};
		F536B6321EDE045300B6138A /* LaunchScreen.storyboard */ = {
			isa = PBXVariantGroup;
			children = (
				F536B6331EDE045300B6138A /* Base */,
			);
			name = LaunchScreen.storyboard;
			sourceTree = "<group>";
		};
/* End PBXVariantGroup section */

/* Begin XCBuildConfiguration section */
		F536B6361EDE045300B6138A /* Debug */ = {
			isa = XCBuildConfiguration;
			buildSettings = {
				ALWAYS_SEARCH_USER_PATHS = NO;
				CLANG_ANALYZER_NONNULL = YES;
				CLANG_ANALYZER_NUMBER_OBJECT_CONVERSION = YES_AGGRESSIVE;
				CLANG_CXX_LANGUAGE_STANDARD = "gnu++0x";
				CLANG_CXX_LIBRARY = "libc++";
				CLANG_ENABLE_MODULES = YES;
				CLANG_ENABLE_OBJC_ARC = YES;
				CLANG_WARN_BOOL_CONVERSION = YES;
				CLANG_WARN_CONSTANT_CONVERSION = YES;
				CLANG_WARN_DIRECT_OBJC_ISA_USAGE = YES_ERROR;
				CLANG_WARN_DOCUMENTATION_COMMENTS = YES;
				CLANG_WARN_EMPTY_BODY = YES;
				CLANG_WARN_ENUM_CONVERSION = YES;
				CLANG_WARN_INFINITE_RECURSION = YES;
				CLANG_WARN_INT_CONVERSION = YES;
				CLANG_WARN_OBJC_ROOT_CLASS = YES_ERROR;
				CLANG_WARN_SUSPICIOUS_MOVE = YES;
				CLANG_WARN_UNREACHABLE_CODE = YES;
				CLANG_WARN__DUPLICATE_METHOD_MATCH = YES;
				"CODE_SIGN_IDENTITY[sdk=iphoneos*]" = "iPhone Developer";
				COPY_PHASE_STRIP = NO;
				DEBUG_INFORMATION_FORMAT = dwarf;
				ENABLE_STRICT_OBJC_MSGSEND = YES;
				ENABLE_TESTABILITY = YES;
				GCC_C_LANGUAGE_STANDARD = gnu99;
				GCC_DYNAMIC_NO_PIC = NO;
				GCC_NO_COMMON_BLOCKS = YES;
				GCC_OPTIMIZATION_LEVEL = 0;
				GCC_PREPROCESSOR_DEFINITIONS = (
					"DEBUG=1",
					"$(inherited)",
				);
				GCC_WARN_64_TO_32_BIT_CONVERSION = YES;
				GCC_WARN_ABOUT_RETURN_TYPE = YES_ERROR;
				GCC_WARN_UNDECLARED_SELECTOR = YES;
				GCC_WARN_UNINITIALIZED_AUTOS = YES_AGGRESSIVE;
				GCC_WARN_UNUSED_FUNCTION = YES;
				GCC_WARN_UNUSED_VARIABLE = YES;
				IPHONEOS_DEPLOYMENT_TARGET = 10.3;
				MTL_ENABLE_DEBUG_INFO = YES;
				ONLY_ACTIVE_ARCH = YES;
				SDKROOT = iphoneos;
				SWIFT_ACTIVE_COMPILATION_CONDITIONS = DEBUG;
				SWIFT_OPTIMIZATION_LEVEL = "-Onone";
				TARGETED_DEVICE_FAMILY = "1,2";
			};
			name = Debug;
		};
		F536B6371EDE045300B6138A /* Release */ = {
			isa = XCBuildConfiguration;
			buildSettings = {
				ALWAYS_SEARCH_USER_PATHS = NO;
				CLANG_ANALYZER_NONNULL = YES;
				CLANG_ANALYZER_NUMBER_OBJECT_CONVERSION = YES_AGGRESSIVE;
				CLANG_CXX_LANGUAGE_STANDARD = "gnu++0x";
				CLANG_CXX_LIBRARY = "libc++";
				CLANG_ENABLE_MODULES = YES;
				CLANG_ENABLE_OBJC_ARC = YES;
				CLANG_WARN_BOOL_CONVERSION = YES;
				CLANG_WARN_CONSTANT_CONVERSION = YES;
				CLANG_WARN_DIRECT_OBJC_ISA_USAGE = YES_ERROR;
				CLANG_WARN_DOCUMENTATION_COMMENTS = YES;
				CLANG_WARN_EMPTY_BODY = YES;
				CLANG_WARN_ENUM_CONVERSION = YES;
				CLANG_WARN_INFINITE_RECURSION = YES;
				CLANG_WARN_INT_CONVERSION = YES;
				CLANG_WARN_OBJC_ROOT_CLASS = YES_ERROR;
				CLANG_WARN_SUSPICIOUS_MOVE = YES;
				CLANG_WARN_UNREACHABLE_CODE = YES;
				CLANG_WARN__DUPLICATE_METHOD_MATCH = YES;
				"CODE_SIGN_IDENTITY[sdk=iphoneos*]" = "iPhone Developer";
				COPY_PHASE_STRIP = NO;
				DEBUG_INFORMATION_FORMAT = "dwarf-with-dsym";
				ENABLE_NS_ASSERTIONS = NO;
				ENABLE_STRICT_OBJC_MSGSEND = YES;
				GCC_C_LANGUAGE_STANDARD = gnu99;
				GCC_NO_COMMON_BLOCKS = YES;
				GCC_WARN_64_TO_32_BIT_CONVERSION = YES;
				GCC_WARN_ABOUT_RETURN_TYPE = YES_ERROR;
				GCC_WARN_UNDECLARED_SELECTOR = YES;
				GCC_WARN_UNINITIALIZED_AUTOS = YES_AGGRESSIVE;
				GCC_WARN_UNUSED_FUNCTION = YES;
				GCC_WARN_UNUSED_VARIABLE = YES;
				IPHONEOS_DEPLOYMENT_TARGET = 10.3;
				MTL_ENABLE_DEBUG_INFO = NO;
				SDKROOT = iphoneos;
				SWIFT_OPTIMIZATION_LEVEL = "-Owholemodule";
				TARGETED_DEVICE_FAMILY = "1,2";
				VALIDATE_PRODUCT = YES;
			};
			name = Release;
		};
		F536B6391EDE045300B6138A /* Debug */ = {
			isa = XCBuildConfiguration;
			buildSettings = {
				ASSETCATALOG_COMPILER_APPICON_NAME = AppIcon;
				DEVELOPMENT_TEAM = NW3L46KCK4;
				INFOPLIST_FILE = "virtual-tourist/Info.plist";
				LD_RUNPATH_SEARCH_PATHS = "$(inherited) @executable_path/Frameworks";
				PRODUCT_BUNDLE_IDENTIFIER = "com.kosratdahmad.virtual-tourist";
				PRODUCT_NAME = "$(TARGET_NAME)";
				SWIFT_VERSION = 3.0;
			};
			name = Debug;
		};
		F536B63A1EDE045300B6138A /* Release */ = {
			isa = XCBuildConfiguration;
			buildSettings = {
				ASSETCATALOG_COMPILER_APPICON_NAME = AppIcon;
				DEVELOPMENT_TEAM = NW3L46KCK4;
				INFOPLIST_FILE = "virtual-tourist/Info.plist";
				LD_RUNPATH_SEARCH_PATHS = "$(inherited) @executable_path/Frameworks";
				PRODUCT_BUNDLE_IDENTIFIER = "com.kosratdahmad.virtual-tourist";
				PRODUCT_NAME = "$(TARGET_NAME)";
				SWIFT_VERSION = 3.0;
			};
			name = Release;
		};
/* End XCBuildConfiguration section */

/* Begin XCConfigurationList section */
		F536B6211EDE045300B6138A /* Build configuration list for PBXProject "virtual-tourist" */ = {
			isa = XCConfigurationList;
			buildConfigurations = (
				F536B6361EDE045300B6138A /* Debug */,
				F536B6371EDE045300B6138A /* Release */,
			);
			defaultConfigurationIsVisible = 0;
			defaultConfigurationName = Release;
		};
		F536B6381EDE045300B6138A /* Build configuration list for PBXNativeTarget "virtual-tourist" */ = {
			isa = XCConfigurationList;
			buildConfigurations = (
				F536B6391EDE045300B6138A /* Debug */,
				F536B63A1EDE045300B6138A /* Release */,
			);
			defaultConfigurationIsVisible = 0;
			defaultConfigurationName = Release;
		};
/* End XCConfigurationList section */

/* Begin XCVersionGroup section */
		F5BC13301EE0D0C0002D05A1 /* Model.xcdatamodeld */ = {
			isa = XCVersionGroup;
			children = (
				F5BC13311EE0D0C0002D05A1 /* Model.xcdatamodel */,
			);
			currentVersion = F5BC13311EE0D0C0002D05A1 /* Model.xcdatamodel */;
			path = Model.xcdatamodeld;
			sourceTree = "<group>";
			versionGroupType = wrapper.xcdatamodel;
		};
/* End XCVersionGroup section */
	};
	rootObject = F536B61E1EDE045300B6138A /* Project object */;
}
